
Microsoft Visual Studio Solution File, Format Version 12.00
# Visual Studio Version 17
VisualStudioVersion = 17.8.34330.188
MinimumVisualStudioVersion = 10.0.40219.1
Project("{8BC9CEB8-8B4A-11D0-8D11-00A0C91BC942}") = "Program", "Program.vcxproj", "{3C935089-6CC0-4E37-B366-FF2B99BABF5D}"
EndProject
Project("{8BC9CEB8-8B4A-11D0-8D11-00A0C91BC942}") = "Class1th (Stream)", "..\Class1th (Stream)\Class1th (Stream).vcxproj", "{F459736F-F06F-4ADB-86DF-D020785282D9}"
EndProject
Project("{8BC9CEB8-8B4A-11D0-8D11-00A0C91BC942}") = "Class2th (Class)", "..\Class2th (Class)\Class2th (Class).vcxproj", "{D353E981-1664-4AB3-B417-74A2761A577F}"
EndProject
Project("{8BC9CEB8-8B4A-11D0-8D11-00A0C91BC942}") = "Class3th (Constructor & Destructor)", "..\Class3th (Constructor & Destructor)\Class3th (Constructor & Destructor).vcxproj", "{3B5ED56D-7827-4326-B9C7-477FDB83C553}"
EndProject
Project("{8BC9CEB8-8B4A-11D0-8D11-00A0C91BC942}") = "Class4th (Inheritance)", "..\Class4th (Inheritance)\Class4th (Inheritance).vcxproj", "{08881170-2EB3-4258-8600-2A19F23C7BBF}"
EndProject
Global
	GlobalSection(SolutionConfigurationPlatforms) = preSolution
		Debug|x64 = Debug|x64
		Debug|x86 = Debug|x86
		Release|x64 = Release|x64
		Release|x86 = Release|x86
	EndGlobalSection
	GlobalSection(ProjectConfigurationPlatforms) = postSolution
		{3C935089-6CC0-4E37-B366-FF2B99BABF5D}.Debug|x64.ActiveCfg = Debug|x64
		{3C935089-6CC0-4E37-B366-FF2B99BABF5D}.Debug|x64.Build.0 = Debug|x64
		{3C935089-6CC0-4E37-B366-FF2B99BABF5D}.Debug|x86.ActiveCfg = Debug|Win32
		{3C935089-6CC0-4E37-B366-FF2B99BABF5D}.Debug|x86.Build.0 = Debug|Win32
		{3C935089-6CC0-4E37-B366-FF2B99BABF5D}.Release|x64.ActiveCfg = Release|x64
		{3C935089-6CC0-4E37-B366-FF2B99BABF5D}.Release|x64.Build.0 = Release|x64
		{3C935089-6CC0-4E37-B366-FF2B99BABF5D}.Release|x86.ActiveCfg = Release|Win32
		{3C935089-6CC0-4E37-B366-FF2B99BABF5D}.Release|x86.Build.0 = Release|Win32
		{F459736F-F06F-4ADB-86DF-D020785282D9}.Debug|x64.ActiveCfg = Debug|x64
		{F459736F-F06F-4ADB-86DF-D020785282D9}.Debug|x64.Build.0 = Debug|x64
		{F459736F-F06F-4ADB-86DF-D020785282D9}.Debug|x86.ActiveCfg = Debug|Win32
		{F459736F-F06F-4ADB-86DF-D020785282D9}.Debug|x86.Build.0 = Debug|Win32
		{F459736F-F06F-4ADB-86DF-D020785282D9}.Release|x64.ActiveCfg = Release|x64
		{F459736F-F06F-4ADB-86DF-D020785282D9}.Release|x64.Build.0 = Release|x64
		{F459736F-F06F-4ADB-86DF-D020785282D9}.Release|x86.ActiveCfg = Release|Win32
		{F459736F-F06F-4ADB-86DF-D020785282D9}.Release|x86.Build.0 = Release|Win32
		{D353E981-1664-4AB3-B417-74A2761A577F}.Debug|x64.ActiveCfg = Debug|x64
		{D353E981-1664-4AB3-B417-74A2761A577F}.Debug|x64.Build.0 = Debug|x64
		{D353E981-1664-4AB3-B417-74A2761A577F}.Debug|x86.ActiveCfg = Debug|Win32
		{D353E981-1664-4AB3-B417-74A2761A577F}.Debug|x86.Build.0 = Debug|Win32
		{D353E981-1664-4AB3-B417-74A2761A577F}.Release|x64.ActiveCfg = Release|x64
		{D353E981-1664-4AB3-B417-74A2761A577F}.Release|x64.Build.0 = Release|x64
		{D353E981-1664-4AB3-B417-74A2761A577F}.Release|x86.ActiveCfg = Release|Win32
		{D353E981-1664-4AB3-B417-74A2761A577F}.Release|x86.Build.0 = Release|Win32
		{3B5ED56D-7827-4326-B9C7-477FDB83C553}.Debug|x64.ActiveCfg = Debug|x64
		{3B5ED56D-7827-4326-B9C7-477FDB83C553}.Debug|x64.Build.0 = Debug|x64
		{3B5ED56D-7827-4326-B9C7-477FDB83C553}.Debug|x86.ActiveCfg = Debug|Win32
		{3B5ED56D-7827-4326-B9C7-477FDB83C553}.Debug|x86.Build.0 = Debug|Win32
		{3B5ED56D-7827-4326-B9C7-477FDB83C553}.Release|x64.ActiveCfg = Release|x64
		{3B5ED56D-7827-4326-B9C7-477FDB83C553}.Release|x64.Build.0 = Release|x64
		{3B5ED56D-7827-4326-B9C7-477FDB83C553}.Release|x86.ActiveCfg = Release|Win32
		{3B5ED56D-7827-4326-B9C7-477FDB83C553}.Release|x86.Build.0 = Release|Win32
		{08881170-2EB3-4258-8600-2A19F23C7BBF}.Debug|x64.ActiveCfg = Debug|x64
		{08881170-2EB3-4258-8600-2A19F23C7BBF}.Debug|x64.Build.0 = Debug|x64
		{08881170-2EB3-4258-8600-2A19F23C7BBF}.Debug|x86.ActiveCfg = Debug|Win32
		{08881170-2EB3-4258-8600-2A19F23C7BBF}.Debug|x86.Build.0 = Debug|Win32
		{08881170-2EB3-4258-8600-2A19F23C7BBF}.Release|x64.ActiveCfg = Release|x64
		{08881170-2EB3-4258-8600-2A19F23C7BBF}.Release|x64.Build.0 = Release|x64
		{08881170-2EB3-4258-8600-2A19F23C7BBF}.Release|x86.ActiveCfg = Release|Win32
		{08881170-2EB3-4258-8600-2A19F23C7BBF}.Release|x86.Build.0 = Release|Win32
	EndGlobalSection
	GlobalSection(SolutionProperties) = preSolution
		HideSolutionNode = FALSE
	EndGlobalSection
	GlobalSection(ExtensibilityGlobals) = postSolution
		SolutionGuid = {118D4C59-5FCE-4EB6-9D70-821B99F47F52}
	EndGlobalSection
EndGlobal
